
Microsoft Visual Studio Solution File, Format Version 12.00
# Visual Studio Version 17
VisualStudioVersion = 17.8.34525.116
MinimumVisualStudioVersion = 10.0.40219.1
Project("{FAE04EC0-301F-11D3-BF4B-00C04F79EFBC}") = "EcommerceWebSite.Domain", "EcommerceWebSite.Domain\EcommerceWebSite.Domain.csproj", "{94492558-BBE6-4178-A9C7-90A2E1118360}"
EndProject
Project("{FAE04EC0-301F-11D3-BF4B-00C04F79EFBC}") = "EcommerceWebSite.App", "EcommerceWebSite.App\EcommerceWebSite.App.csproj", "{136E46CE-A259-4CDF-873F-1A27B9A1A47E}"
EndProject
Project("{FAE04EC0-301F-11D3-BF4B-00C04F79EFBC}") = "EcommerceWebSite.Infrastractions", "EcommerceWebSite.Infrastractions\EcommerceWebSite.Infrastractions.csproj", "{A909F62D-805B-4ED4-B563-EE6BEFFDDAC5}"
EndProject
Project("{FAE04EC0-301F-11D3-BF4B-00C04F79EFBC}") = "EcommerceWebSite.Context", "EcommerceWebSite.Context\EcommerceWebSite.Context.csproj", "{50446DF4-17F2-42B1-A15D-58AB95342F33}"
EndProject
Global
	GlobalSection(SolutionConfigurationPlatforms) = preSolution
		Debug|Any CPU = Debug|Any CPU
		Release|Any CPU = Release|Any CPU
	EndGlobalSection
	GlobalSection(ProjectConfigurationPlatforms) = postSolution
		{94492558-BBE6-4178-A9C7-90A2E1118360}.Debug|Any CPU.ActiveCfg = Debug|Any CPU
		{94492558-BBE6-4178-A9C7-90A2E1118360}.Debug|Any CPU.Build.0 = Debug|Any CPU
		{94492558-BBE6-4178-A9C7-90A2E1118360}.Release|Any CPU.ActiveCfg = Release|Any CPU
		{94492558-BBE6-4178-A9C7-90A2E1118360}.Release|Any CPU.Build.0 = Release|Any CPU
		{136E46CE-A259-4CDF-873F-1A27B9A1A47E}.Debug|Any CPU.ActiveCfg = Debug|Any CPU
		{136E46CE-A259-4CDF-873F-1A27B9A1A47E}.Debug|Any CPU.Build.0 = Debug|Any CPU
		{136E46CE-A259-4CDF-873F-1A27B9A1A47E}.Release|Any CPU.ActiveCfg = Release|Any CPU
		{136E46CE-A259-4CDF-873F-1A27B9A1A47E}.Release|Any CPU.Build.0 = Release|Any CPU
		{A909F62D-805B-4ED4-B563-EE6BEFFDDAC5}.Debug|Any CPU.ActiveCfg = Debug|Any CPU
		{A909F62D-805B-4ED4-B563-EE6BEFFDDAC5}.Debug|Any CPU.Build.0 = Debug|Any CPU
		{A909F62D-805B-4ED4-B563-EE6BEFFDDAC5}.Release|Any CPU.ActiveCfg = Release|Any CPU
		{A909F62D-805B-4ED4-B563-EE6BEFFDDAC5}.Release|Any CPU.Build.0 = Release|Any CPU
		{50446DF4-17F2-42B1-A15D-58AB95342F33}.Debug|Any CPU.ActiveCfg = Debug|Any CPU
		{50446DF4-17F2-42B1-A15D-58AB95342F33}.Debug|Any CPU.Build.0 = Debug|Any CPU
		{50446DF4-17F2-42B1-A15D-58AB95342F33}.Release|Any CPU.ActiveCfg = Release|Any CPU
		{50446DF4-17F2-42B1-A15D-58AB95342F33}.Release|Any CPU.Build.0 = Release|Any CPU
	EndGlobalSection
	GlobalSection(SolutionProperties) = preSolution
		HideSolutionNode = FALSE
	EndGlobalSection
	GlobalSection(ExtensibilityGlobals) = postSolution
		SolutionGuid = {0B1D396A-E892-4209-AD6A-556B62B16337}
	EndGlobalSection
EndGlobal
